<?xml version="1.0" encoding="utf-8"?>
<Project ToolsVersion="4.0" xmlns="http://schemas.microsoft.com/developer/msbuild/2003">
  <ItemGroup>
    <Filter Include="Public">
      <UniqueIdentifier>{3afd77d1-fff1-4d24-a7ea-6d1eaae28613}</UniqueIdentifier>
    </Filter>
    <Filter Include="Private">
      <UniqueIdentifier>{46edc6b4-1141-4dfe-80ba-d5860cb09029}</UniqueIdentifier>
    </Filter>
    <Filter Include="Public\Concurrent">
      <UniqueIdentifier>{66f612dd-14d1-41be-af45-3a59be642d58}</UniqueIdentifier>
    </Filter>
    <Filter Include="Private\Concurrent">
      <UniqueIdentifier>{9794a949-eb1f-4fb1-93d3-9fac462bc0e1}</UniqueIdentifier>
    </Filter>
    <Filter Include="Public\MetaData">
      <UniqueIdentifier>{91ced584-d594-4d42-a8af-f8adfc07ec57}</UniqueIdentifier>
    </Filter>
    <Filter Include="Private\MetaData">
      <UniqueIdentifier>{1f943270-3e73-4237-a6a0-95d39dd66e80}</UniqueIdentifier>
    </Filter>
    <Filter Include="Public\Utility">
      <UniqueIdentifier>{d471f020-f93f-4cea-86bd-4d71ab07bcbc}</UniqueIdentifier>
    </Filter>
    <Filter Include="Public\Container">
      <UniqueIdentifier>{6e20eaba-a53f-4f95-9843-636b94d5a98e}</UniqueIdentifier>
    </Filter>
    <Filter Include="Public\Container\Range">
      <UniqueIdentifier>{697fc222-43d5-49f9-9265-010df72ba5db}</UniqueIdentifier>
    </Filter>
    <Filter Include="Private\Utility">
      <UniqueIdentifier>{c29e37a6-b78b-451a-800c-e813bc85499c}</UniqueIdentifier>
    </Filter>
    <Filter Include="Public\Meta">
      <UniqueIdentifier>{f6f2d596-3c8e-44db-aa9a-0e6291551d30}</UniqueIdentifier>
    </Filter>
    <Filter Include="Public\Time">
      <UniqueIdentifier>{2b677cd1-8c63-4095-9cb2-7614dba7848e}</UniqueIdentifier>
    </Filter>
    <Filter Include="Private\Time">
      <UniqueIdentifier>{f4f2e877-3dd8-470f-9a06-ffda4ce44565}</UniqueIdentifier>
    </Filter>
  </ItemGroup>
  <ItemGroup>
    <ClInclude Include="Public\Error.h">
      <Filter>Public</Filter>
    </ClInclude>
    <ClInclude Include="Public\MemoryManager.h">
      <Filter>Public</Filter>
    </ClInclude>
    <ClInclude Include="Private\DoxygenConfig.hpp">
      <Filter>Private</Filter>
    </ClInclude>
    <ClInclude Include="Public\Platform.hpp">
      <Filter>Public</Filter>
    </ClInclude>
    <ClInclude Include="Public\Concurrent\Thread.h">
      <Filter>Public\Concurrent</Filter>
    </ClInclude>
    <ClInclude Include="Public\Concurrent\Lock.h">
      <Filter>Public\Concurrent</Filter>
    </ClInclude>
    <ClInclude Include="Public\Function.hpp">
      <Filter>Public</Filter>
    </ClInclude>
    <ClInclude Include="Public\MetaData\MetaData.h">
      <Filter>Public\MetaData</Filter>
    </ClInclude>
    <ClInclude Include="Public\MetaData\MetaObject.hpp">
      <Filter>Public\MetaData</Filter>
    </ClInclude>
    <ClInclude Include="Public\Utility\Utility.hpp">
      <Filter>Public\Utility</Filter>
    </ClInclude>
    <ClInclude Include="Public\Utility\ControllableObject.hpp">
      <Filter>Public\Utility</Filter>
    </ClInclude>
    <ClInclude Include="Public\TypeDefinition.hpp">
      <Filter>Public</Filter>
    </ClInclude>
    <ClInclude Include="Public\ForwardDefinition.hpp">
      <Filter>Public</Filter>
    </ClInclude>
    <ClInclude Include="Public\Container\Vector.hpp">
      <Filter>Public\Container</Filter>
    </ClInclude>
    <ClInclude Include="Public\Container\ContainerConcept.hpp">
      <Filter>Public\Container</Filter>
    </ClInclude>
    <ClInclude Include="Public\Utility\AutoReleaseBuffer.h">
      <Filter>Public\Utility</Filter>
    </ClInclude>
    <ClInclude Include="Public\Container\ReverseSequentialIterator.hpp">
      <Filter>Public\Container</Filter>
    </ClInclude>
    <ClInclude Include="Public\SGEString.hpp">
      <Filter>Public</Filter>
    </ClInclude>
    <ClInclude Include="Public\SGEStringForward.h">
      <Filter>Public</Filter>
    </ClInclude>
    <ClInclude Include="Public\Meta\Trait.hpp">
      <Filter>Public\Meta</Filter>
    </ClInclude>
    <ClInclude Include="Public\Meta\Concept.hpp">
      <Filter>Public\Meta</Filter>
    </ClInclude>
    <ClInclude Include="Public\Time\TimeCounter.h">
      <Filter>Public\Time</Filter>
    </ClInclude>
    <ClInclude Include="Private\Time\WindowsTimeImplement.h">
      <Filter>Private\Time</Filter>
    </ClInclude>
    <ClInclude Include="Private\Time\UnixTimeImplement.h">
      <Filter>Private\Time</Filter>
    </ClInclude>
    <ClInclude Include="Public\Concurrent\Atomic.hpp">
      <Filter>Public\Concurrent</Filter>
    </ClInclude>
    <ClInclude Include="Public\Container\Map.hpp">
      <Filter>Public\Container</Filter>
    </ClInclude>
    <ClInclude Include="Public\Container\HashMap.hpp">
      <Filter>Public\Container</Filter>
    </ClInclude>
  </ItemGroup>
  <ItemGroup>
    <ClCompile Include="Private\Error.cpp">
      <Filter>Private</Filter>
    </ClCompile>
    <ClCompile Include="Private\MemoryManager.cpp">
      <Filter>Private</Filter>
    </ClCompile>
    <ClCompile Include="Private\Concurrent\Thread.cpp">
      <Filter>Private\Concurrent</Filter>
    </ClCompile>
    <ClCompile Include="Private\Concurrent\Lock.cpp">
      <Filter>Private\Concurrent</Filter>
    </ClCompile>
    <ClCompile Include="Private\MetaData\MetaData.cpp">
      <Filter>Private\MetaData</Filter>
    </ClCompile>
    <ClCompile Include="Private\Utility\AutoReleaseBuffer.cpp">
      <Filter>Private\Utility</Filter>
    </ClCompile>
    <ClCompile Include="Private\Time\TimeCounter.cpp">
      <Filter>Private\Time</Filter>
    </ClCompile>
    <ClCompile Include="Private\Time\WindowsTimeImplement.cpp">
      <Filter>Private\Time</Filter>
    </ClCompile>
    <ClCompile Include="Private\Time\UnixTimeImplement.cpp">
      <Filter>Private\Time</Filter>
    </ClCompile>
  </ItemGroup>
</Project>