<?xml version="1.0" encoding="utf-8"?>
<Project ToolsVersion="4.0" xmlns="http://schemas.microsoft.com/developer/msbuild/2003">
  <ItemGroup>
    <Filter Include="Public">
      <UniqueIdentifier>{3afd77d1-fff1-4d24-a7ea-6d1eaae28613}</UniqueIdentifier>
    </Filter>
    <Filter Include="Private">
      <UniqueIdentifier>{46edc6b4-1141-4dfe-80ba-d5860cb09029}</UniqueIdentifier>
    </Filter>
    <Filter Include="Private\StringImplement">
      <UniqueIdentifier>{a3e6f398-c1b5-4cf7-a89e-7453cdd0fd92}</UniqueIdentifier>
    </Filter>
    <Filter Include="Public\Concurrent">
      <UniqueIdentifier>{66f612dd-14d1-41be-af45-3a59be642d58}</UniqueIdentifier>
    </Filter>
    <Filter Include="Private\Concurrent">
      <UniqueIdentifier>{9794a949-eb1f-4fb1-93d3-9fac462bc0e1}</UniqueIdentifier>
    </Filter>
    <Filter Include="Public\MetaData">
      <UniqueIdentifier>{91ced584-d594-4d42-a8af-f8adfc07ec57}</UniqueIdentifier>
    </Filter>
    <Filter Include="Private\MetaData">
      <UniqueIdentifier>{1f943270-3e73-4237-a6a0-95d39dd66e80}</UniqueIdentifier>
    </Filter>
    <Filter Include="Public\Utility">
      <UniqueIdentifier>{d471f020-f93f-4cea-86bd-4d71ab07bcbc}</UniqueIdentifier>
    </Filter>
    <Filter Include="Public\Container">
      <UniqueIdentifier>{6e20eaba-a53f-4f95-9843-636b94d5a98e}</UniqueIdentifier>
    </Filter>
  </ItemGroup>
  <ItemGroup>
    <ClInclude Include="Public\Error.h">
      <Filter>Public</Filter>
    </ClInclude>
    <ClInclude Include="Public\MemoryManager.h">
      <Filter>Public</Filter>
    </ClInclude>
    <ClInclude Include="Private\DoxygenConfig.hpp">
      <Filter>Private</Filter>
    </ClInclude>
    <ClInclude Include="Private\StringImplement\StdTStringImplement.h">
      <Filter>Private\StringImplement</Filter>
    </ClInclude>
    <ClInclude Include="Public\SGEString.h">
      <Filter>Public</Filter>
    </ClInclude>
    <ClInclude Include="Public\Platform.hpp">
      <Filter>Public</Filter>
    </ClInclude>
    <ClInclude Include="Public\Concurrent\Thread.h">
      <Filter>Public\Concurrent</Filter>
    </ClInclude>
    <ClInclude Include="Public\Concurrent\Lock.h">
      <Filter>Public\Concurrent</Filter>
    </ClInclude>
    <ClInclude Include="Public\Function.hpp">
      <Filter>Public</Filter>
    </ClInclude>
    <ClInclude Include="Public\MetaData\MetaData.h">
      <Filter>Public\MetaData</Filter>
    </ClInclude>
    <ClInclude Include="Public\MetaData\MetaObject.hpp">
      <Filter>Public\MetaData</Filter>
    </ClInclude>
    <ClInclude Include="Public\Utility\Utility.hpp">
      <Filter>Public\Utility</Filter>
    </ClInclude>
    <ClInclude Include="Public\Utility\ControllableObject.hpp">
      <Filter>Public\Utility</Filter>
    </ClInclude>
    <ClInclude Include="Public\TypeDefinition.hpp">
      <Filter>Public</Filter>
    </ClInclude>
    <ClInclude Include="Public\ForwardDefinition.hpp">
      <Filter>Public</Filter>
    </ClInclude>
    <ClInclude Include="Public\Container\Vector.hpp">
      <Filter>Public\Container</Filter>
    </ClInclude>
  </ItemGroup>
  <ItemGroup>
    <ClCompile Include="Private\Error.cpp">
      <Filter>Private</Filter>
    </ClCompile>
    <ClCompile Include="Private\MemoryManager.cpp">
      <Filter>Private</Filter>
    </ClCompile>
    <ClCompile Include="Private\StringImplement\StdTStringImplement.cpp">
      <Filter>Private\StringImplement</Filter>
    </ClCompile>
    <ClCompile Include="Private\SGEString.cpp">
      <Filter>Private</Filter>
    </ClCompile>
    <ClCompile Include="Private\Concurrent\Thread.cpp">
      <Filter>Private\Concurrent</Filter>
    </ClCompile>
    <ClCompile Include="Private\Concurrent\Lock.cpp">
      <Filter>Private\Concurrent</Filter>
    </ClCompile>
    <ClCompile Include="Private\MetaData\MetaData.cpp">
      <Filter>Private\MetaData</Filter>
    </ClCompile>
  </ItemGroup>
</Project>