
Microsoft Visual Studio Solution File, Format Version 12.00
# Visual Studio Version 16
VisualStudioVersion = 16.0.29806.167
MinimumVisualStudioVersion = 10.0.40219.1
Project("{2150E333-8FDC-42A3-9474-1A3956D46DE8}") = "ProjectFile", "ProjectFile", "{73717249-81A9-4A5D-96D0-D59EA4C9CA9E}"
	ProjectSection(SolutionItems) = preProject
		.clang-format = .clang-format
		.gitignore = .gitignore
		Doxyfile = Doxyfile
		LICENSE = LICENSE
		ProjectCommonProperty.props = ProjectCommonProperty.props
		README.md = README.md
		SpaceGameEngine.sln.licenseheader = SpaceGameEngine.sln.licenseheader
	EndProjectSection
EndProject
Project("{2150E333-8FDC-42A3-9474-1A3956D46DE8}") = "Source", "Source", "{72DE90D1-ACF7-4F34-8E54-E28BFDE1018F}"
EndProject
Project("{2150E333-8FDC-42A3-9474-1A3956D46DE8}") = "ThirdParty", "ThirdParty", "{E6CDD526-7136-43BA-A1F6-F93333662CE5}"
EndProject
Project("{2150E333-8FDC-42A3-9474-1A3956D46DE8}") = "Document", "Document", "{95F5FF36-EB19-410C-BE3E-924AF7B5F93C}"
EndProject
Project("{2150E333-8FDC-42A3-9474-1A3956D46DE8}") = "Test", "Test", "{E09406D8-3CBC-473A-8715-05471C55AAFA}"
EndProject
Project("{8BC9CEB8-8B4A-11D0-8D11-00A0C91BC942}") = "JsonCpp", "ThirdParty\JsonCpp\JsonCpp.vcxproj", "{7F59A09A-B166-4333-8D73-355AE32E63BC}"
EndProject
Project("{2150E333-8FDC-42A3-9474-1A3956D46DE8}") = "Document", "Document", "{F93E7284-FB8F-468F-A220-8A4AA2AEC39F}"
	ProjectSection(SolutionItems) = preProject
		Document\Document\CodeRule.md = Document\Document\CodeRule.md
		Document\Document\DevelopmentPlan.md = Document\Document\DevelopmentPlan.md
		Document\Document\DocumentRule.md = Document\Document\DocumentRule.md
		Document\Document\ProjectRule.md = Document\Document\ProjectRule.md
		Document\Document\ProjectStruction.md = Document\Document\ProjectStruction.md
		Document\Document\WorkFlow.md = Document\Document\WorkFlow.md
	EndProjectSection
EndProject
Project("{8BC9CEB8-8B4A-11D0-8D11-00A0C91BC942}") = "TinyXML2", "ThirdParty\TinyXML2\TinyXML2.vcxproj", "{6773FEDB-FBFF-418C-A35E-C2C17690F949}"
EndProject
Project("{8BC9CEB8-8B4A-11D0-8D11-00A0C91BC942}") = "Common", "Source\Common\Common.vcxproj", "{3D706382-4B3C-4EBC-AC11-FF05C091E4D4}"
EndProject
Project("{8BC9CEB8-8B4A-11D0-8D11-00A0C91BC942}") = "TestCommon", "Test\TestCommon\TestCommon.vcxproj", "{0D07F54C-EFA0-4EF9-82D8-0F98342F1087}"
EndProject
Project("{2150E333-8FDC-42A3-9474-1A3956D46DE8}") = "Common", "Common", "{6B44D9C0-3589-476C-8789-6CC132708D99}"
	ProjectSection(SolutionItems) = preProject
		Document\Document\Common\CharacterEncoding.md = Document\Document\Common\CharacterEncoding.md
		Document\Document\Common\Error.md = Document\Document\Common\Error.md
		Document\Document\Common\MemoryManager.md = Document\Document\Common\MemoryManager.md
	EndProjectSection
EndProject
Project("{2150E333-8FDC-42A3-9474-1A3956D46DE8}") = "MetaData", "MetaData", "{72B7A1A0-121F-440A-BF23-A97448D223CD}"
	ProjectSection(SolutionItems) = preProject
		Document\Document\Common\MetaData\MetaData.md = Document\Document\Common\MetaData\MetaData.md
	EndProjectSection
EndProject
Project("{8BC9CEB8-8B4A-11D0-8D11-00A0C91BC942}") = "GoogleTest", "ThirdParty\GoogleTest\GoogleTest.vcxproj", "{D7662B21-F269-400C-95C2-3B498E34DE38}"
EndProject
Project("{8BC9CEB8-8B4A-11D0-8D11-00A0C91BC942}") = "GoogleBenchmark", "ThirdParty\GoogleBenchmark\GoogleBenchmark.vcxproj", "{D8691B82-5BB1-4351-81A5-7A2CB374FD6E}"
EndProject
Project("{2150E333-8FDC-42A3-9474-1A3956D46DE8}") = "Benchmark", "Benchmark", "{027AF1FE-F0B3-47B7-A781-7D7EF43D2ECF}"
EndProject
Project("{8BC9CEB8-8B4A-11D0-8D11-00A0C91BC942}") = "BenchmarkCommon", "Benchmark\BenchmarkCommon\BenchmarkCommon.vcxproj", "{E5EEFCBF-790E-4515-A13C-D90D0E5E1086}"
EndProject
Project("{2150E333-8FDC-42A3-9474-1A3956D46DE8}") = "Container", "Container", "{5C7E3D68-FEBE-44E8-A289-63E01D984092}"
	ProjectSection(SolutionItems) = preProject
		Document\Document\Common\Container\Container.md = Document\Document\Common\Container\Container.md
		Document\Document\Common\Container\ContainerConcept.md = Document\Document\Common\Container\ContainerConcept.md
	EndProjectSection
EndProject
Global
	GlobalSection(SolutionConfigurationPlatforms) = preSolution
		Debug|x64 = Debug|x64
		Debug|x86 = Debug|x86
		Release|x64 = Release|x64
		Release|x86 = Release|x86
	EndGlobalSection
	GlobalSection(ProjectConfigurationPlatforms) = postSolution
		{7F59A09A-B166-4333-8D73-355AE32E63BC}.Debug|x64.ActiveCfg = Debug|x64
		{7F59A09A-B166-4333-8D73-355AE32E63BC}.Debug|x64.Build.0 = Debug|x64
		{7F59A09A-B166-4333-8D73-355AE32E63BC}.Debug|x86.ActiveCfg = Debug|Win32
		{7F59A09A-B166-4333-8D73-355AE32E63BC}.Debug|x86.Build.0 = Debug|Win32
		{7F59A09A-B166-4333-8D73-355AE32E63BC}.Release|x64.ActiveCfg = Release|x64
		{7F59A09A-B166-4333-8D73-355AE32E63BC}.Release|x64.Build.0 = Release|x64
		{7F59A09A-B166-4333-8D73-355AE32E63BC}.Release|x86.ActiveCfg = Release|Win32
		{7F59A09A-B166-4333-8D73-355AE32E63BC}.Release|x86.Build.0 = Release|Win32
		{6773FEDB-FBFF-418C-A35E-C2C17690F949}.Debug|x64.ActiveCfg = Debug|x64
		{6773FEDB-FBFF-418C-A35E-C2C17690F949}.Debug|x64.Build.0 = Debug|x64
		{6773FEDB-FBFF-418C-A35E-C2C17690F949}.Debug|x86.ActiveCfg = Debug|Win32
		{6773FEDB-FBFF-418C-A35E-C2C17690F949}.Debug|x86.Build.0 = Debug|Win32
		{6773FEDB-FBFF-418C-A35E-C2C17690F949}.Release|x64.ActiveCfg = Release|x64
		{6773FEDB-FBFF-418C-A35E-C2C17690F949}.Release|x64.Build.0 = Release|x64
		{6773FEDB-FBFF-418C-A35E-C2C17690F949}.Release|x86.ActiveCfg = Release|Win32
		{6773FEDB-FBFF-418C-A35E-C2C17690F949}.Release|x86.Build.0 = Release|Win32
		{3D706382-4B3C-4EBC-AC11-FF05C091E4D4}.Debug|x64.ActiveCfg = Debug|x64
		{3D706382-4B3C-4EBC-AC11-FF05C091E4D4}.Debug|x64.Build.0 = Debug|x64
		{3D706382-4B3C-4EBC-AC11-FF05C091E4D4}.Debug|x86.ActiveCfg = Debug|Win32
		{3D706382-4B3C-4EBC-AC11-FF05C091E4D4}.Debug|x86.Build.0 = Debug|Win32
		{3D706382-4B3C-4EBC-AC11-FF05C091E4D4}.Release|x64.ActiveCfg = Release|x64
		{3D706382-4B3C-4EBC-AC11-FF05C091E4D4}.Release|x64.Build.0 = Release|x64
		{3D706382-4B3C-4EBC-AC11-FF05C091E4D4}.Release|x86.ActiveCfg = Release|Win32
		{3D706382-4B3C-4EBC-AC11-FF05C091E4D4}.Release|x86.Build.0 = Release|Win32
		{0D07F54C-EFA0-4EF9-82D8-0F98342F1087}.Debug|x64.ActiveCfg = Debug|x64
		{0D07F54C-EFA0-4EF9-82D8-0F98342F1087}.Debug|x64.Build.0 = Debug|x64
		{0D07F54C-EFA0-4EF9-82D8-0F98342F1087}.Debug|x86.ActiveCfg = Debug|Win32
		{0D07F54C-EFA0-4EF9-82D8-0F98342F1087}.Debug|x86.Build.0 = Debug|Win32
		{0D07F54C-EFA0-4EF9-82D8-0F98342F1087}.Release|x64.ActiveCfg = Release|x64
		{0D07F54C-EFA0-4EF9-82D8-0F98342F1087}.Release|x64.Build.0 = Release|x64
		{0D07F54C-EFA0-4EF9-82D8-0F98342F1087}.Release|x86.ActiveCfg = Release|Win32
		{0D07F54C-EFA0-4EF9-82D8-0F98342F1087}.Release|x86.Build.0 = Release|Win32
		{D7662B21-F269-400C-95C2-3B498E34DE38}.Debug|x64.ActiveCfg = Debug|x64
		{D7662B21-F269-400C-95C2-3B498E34DE38}.Debug|x64.Build.0 = Debug|x64
		{D7662B21-F269-400C-95C2-3B498E34DE38}.Debug|x86.ActiveCfg = Debug|Win32
		{D7662B21-F269-400C-95C2-3B498E34DE38}.Debug|x86.Build.0 = Debug|Win32
		{D7662B21-F269-400C-95C2-3B498E34DE38}.Release|x64.ActiveCfg = Release|x64
		{D7662B21-F269-400C-95C2-3B498E34DE38}.Release|x64.Build.0 = Release|x64
		{D7662B21-F269-400C-95C2-3B498E34DE38}.Release|x86.ActiveCfg = Release|Win32
		{D7662B21-F269-400C-95C2-3B498E34DE38}.Release|x86.Build.0 = Release|Win32
		{D8691B82-5BB1-4351-81A5-7A2CB374FD6E}.Debug|x64.ActiveCfg = Debug|x64
		{D8691B82-5BB1-4351-81A5-7A2CB374FD6E}.Debug|x64.Build.0 = Debug|x64
		{D8691B82-5BB1-4351-81A5-7A2CB374FD6E}.Debug|x86.ActiveCfg = Debug|Win32
		{D8691B82-5BB1-4351-81A5-7A2CB374FD6E}.Debug|x86.Build.0 = Debug|Win32
		{D8691B82-5BB1-4351-81A5-7A2CB374FD6E}.Release|x64.ActiveCfg = Release|x64
		{D8691B82-5BB1-4351-81A5-7A2CB374FD6E}.Release|x64.Build.0 = Release|x64
		{D8691B82-5BB1-4351-81A5-7A2CB374FD6E}.Release|x86.ActiveCfg = Release|Win32
		{D8691B82-5BB1-4351-81A5-7A2CB374FD6E}.Release|x86.Build.0 = Release|Win32
		{E5EEFCBF-790E-4515-A13C-D90D0E5E1086}.Debug|x64.ActiveCfg = Debug|x64
		{E5EEFCBF-790E-4515-A13C-D90D0E5E1086}.Debug|x64.Build.0 = Debug|x64
		{E5EEFCBF-790E-4515-A13C-D90D0E5E1086}.Debug|x86.ActiveCfg = Debug|Win32
		{E5EEFCBF-790E-4515-A13C-D90D0E5E1086}.Debug|x86.Build.0 = Debug|Win32
		{E5EEFCBF-790E-4515-A13C-D90D0E5E1086}.Release|x64.ActiveCfg = Release|x64
		{E5EEFCBF-790E-4515-A13C-D90D0E5E1086}.Release|x64.Build.0 = Release|x64
		{E5EEFCBF-790E-4515-A13C-D90D0E5E1086}.Release|x86.ActiveCfg = Release|Win32
		{E5EEFCBF-790E-4515-A13C-D90D0E5E1086}.Release|x86.Build.0 = Release|Win32
	EndGlobalSection
	GlobalSection(SolutionProperties) = preSolution
		HideSolutionNode = FALSE
	EndGlobalSection
	GlobalSection(NestedProjects) = preSolution
		{7F59A09A-B166-4333-8D73-355AE32E63BC} = {E6CDD526-7136-43BA-A1F6-F93333662CE5}
		{F93E7284-FB8F-468F-A220-8A4AA2AEC39F} = {95F5FF36-EB19-410C-BE3E-924AF7B5F93C}
		{6773FEDB-FBFF-418C-A35E-C2C17690F949} = {E6CDD526-7136-43BA-A1F6-F93333662CE5}
		{3D706382-4B3C-4EBC-AC11-FF05C091E4D4} = {72DE90D1-ACF7-4F34-8E54-E28BFDE1018F}
		{0D07F54C-EFA0-4EF9-82D8-0F98342F1087} = {E09406D8-3CBC-473A-8715-05471C55AAFA}
		{6B44D9C0-3589-476C-8789-6CC132708D99} = {F93E7284-FB8F-468F-A220-8A4AA2AEC39F}
		{72B7A1A0-121F-440A-BF23-A97448D223CD} = {6B44D9C0-3589-476C-8789-6CC132708D99}
		{D7662B21-F269-400C-95C2-3B498E34DE38} = {E6CDD526-7136-43BA-A1F6-F93333662CE5}
		{D8691B82-5BB1-4351-81A5-7A2CB374FD6E} = {E6CDD526-7136-43BA-A1F6-F93333662CE5}
		{E5EEFCBF-790E-4515-A13C-D90D0E5E1086} = {027AF1FE-F0B3-47B7-A781-7D7EF43D2ECF}
		{5C7E3D68-FEBE-44E8-A289-63E01D984092} = {6B44D9C0-3589-476C-8789-6CC132708D99}
	EndGlobalSection
	GlobalSection(ExtensibilityGlobals) = postSolution
		SolutionGuid = {8D3CFB05-C912-4570-A835-15950F179A40}
	EndGlobalSection
EndGlobal
