<?xml version="1.0" encoding="utf-8"?>
<Project ToolsVersion="4.0" xmlns="http://schemas.microsoft.com/developer/msbuild/2003">
  <ItemGroup>
    <Filter Include="Public">
      <UniqueIdentifier>{ba333096-d9d5-47b3-ae05-3f33a88f366a}</UniqueIdentifier>
    </Filter>
    <Filter Include="Private">
      <UniqueIdentifier>{d63567c0-8c75-4729-b5ac-8129ab7a9a57}</UniqueIdentifier>
    </Filter>
  </ItemGroup>
  <ItemGroup>
    <ClInclude Include="Public\CommonParserAPI.h">
      <Filter>Public</Filter>
    </ClInclude>
    <ClInclude Include="Private\CommonParserModule.h">
      <Filter>Private</Filter>
    </ClInclude>
    <ClInclude Include="Private\DoxygenConfig.hpp">
      <Filter>Private</Filter>
    </ClInclude>
    <ClInclude Include="Private\Logger.h">
      <Filter>Private</Filter>
    </ClInclude>
    <ClInclude Include="Public\Lexer.h">
      <Filter>Public</Filter>
    </ClInclude>
    <ClInclude Include="Public\LexerUtility.h">
      <Filter>Public</Filter>
    </ClInclude>
    <ClInclude Include="Public\Grammar.hpp">
      <Filter>Public</Filter>
    </ClInclude>
    <ClInclude Include="Public\LL1Parser.hpp">
      <Filter>Public</Filter>
    </ClInclude>
    <ClInclude Include="Public\ParserError.h">
      <Filter>Public</Filter>
    </ClInclude>
  </ItemGroup>
  <ItemGroup>
    <ClCompile Include="Private\CommonParserModule.cpp">
      <Filter>Private</Filter>
    </ClCompile>
    <ClCompile Include="Private\Logger.cpp">
      <Filter>Private</Filter>
    </ClCompile>
    <ClCompile Include="Private\Lexer.cpp">
      <Filter>Private</Filter>
    </ClCompile>
    <ClCompile Include="Private\LexerUtility.cpp">
      <Filter>Private</Filter>
    </ClCompile>
    <ClCompile Include="Private\ParserError.cpp">
      <Filter>Private</Filter>
    </ClCompile>
  </ItemGroup>
</Project>