<?xml version="1.0" encoding="utf-8"?>
<Project ToolsVersion="4.0" xmlns="http://schemas.microsoft.com/developer/msbuild/2003">
  <ItemGroup>
    <ClCompile Include="main.cpp" />
  </ItemGroup>
  <ItemGroup>
    <ClInclude Include="TestString.hpp" />
    <ClInclude Include="TestMemoryManager.hpp" />
    <ClInclude Include="TestFunction.hpp" />
    <ClInclude Include="TestMetaData.hpp" />
    <ClInclude Include="TestError.hpp" />
    <ClInclude Include="TestModule.hpp" />
    <ClInclude Include="TestFormat.hpp" />
    <ClInclude Include="TestFile.hpp" />
    <ClInclude Include="TestLog.hpp" />
    <ClInclude Include="Concurrent\TestConcurrent.hpp">
      <Filter>Concurrent</Filter>
    </ClInclude>
    <ClInclude Include="Container\TestHashMap.hpp">
      <Filter>Container</Filter>
    </ClInclude>
    <ClInclude Include="Container\TestHashSet.hpp">
      <Filter>Container</Filter>
    </ClInclude>
    <ClInclude Include="Container\TestList.hpp">
      <Filter>Container</Filter>
    </ClInclude>
    <ClInclude Include="Container\TestMap.hpp">
      <Filter>Container</Filter>
    </ClInclude>
    <ClInclude Include="Container\TestQueue.hpp">
      <Filter>Container</Filter>
    </ClInclude>
    <ClInclude Include="Container\TestSet.hpp">
      <Filter>Container</Filter>
    </ClInclude>
    <ClInclude Include="Container\TestStack.hpp">
      <Filter>Container</Filter>
    </ClInclude>
    <ClInclude Include="Container\TestVector.hpp">
      <Filter>Container</Filter>
    </ClInclude>
    <ClInclude Include="Container\Detail\TestHashTable.hpp">
      <Filter>Container\Detail</Filter>
    </ClInclude>
    <ClInclude Include="Container\Detail\TestRedBlackTree.hpp">
      <Filter>Container\Detail</Filter>
    </ClInclude>
    <ClInclude Include="Container\TestContainerConcept.hpp">
      <Filter>Container</Filter>
    </ClInclude>
    <ClInclude Include="Container\TestPriorityQueue.hpp">
      <Filter>Container</Filter>
    </ClInclude>
    <ClInclude Include="System\TestDllLoader.hpp">
      <Filter>System</Filter>
    </ClInclude>
    <ClInclude Include="Time\TestDate.hpp">
      <Filter>Time</Filter>
    </ClInclude>
    <ClInclude Include="Time\TestTimeCounter.hpp">
      <Filter>Time</Filter>
    </ClInclude>
    <ClInclude Include="Utility\TestUtility.hpp">
      <Filter>Utility</Filter>
    </ClInclude>
    <ClInclude Include="Utility\TestDebugInformation.hpp">
      <Filter>Utility</Filter>
    </ClInclude>
    <ClInclude Include="Utility\TestControllableObject.hpp">
      <Filter>Utility</Filter>
    </ClInclude>
    <ClInclude Include="Utility\TestAutoReleaseBuffer.hpp">
      <Filter>Utility</Filter>
    </ClInclude>
    <ClInclude Include="Utility\TestEndian.hpp">
      <Filter>Utility</Filter>
    </ClInclude>
    <ClInclude Include="Utility\TestFixedSizeBuffer.hpp">
      <Filter>Utility</Filter>
    </ClInclude>
    <ClInclude Include="Utility\TestOptional.hpp">
      <Filter>Utility</Filter>
    </ClInclude>
    <ClInclude Include="Utility\TestHash.hpp">
      <Filter>Utility</Filter>
    </ClInclude>
    <ClInclude Include="Utility\TestPair.hpp">
      <Filter>Utility</Filter>
    </ClInclude>
    <ClInclude Include="Utility\TestMemoryData.hpp">
      <Filter>Utility</Filter>
    </ClInclude>
    <ClInclude Include="Serializer\TestSerializer.hpp">
      <Filter>Serializer</Filter>
    </ClInclude>
    <ClInclude Include="Stream\TestStream.hpp">
      <Filter>Stream</Filter>
    </ClInclude>
    <ClInclude Include="Stream\TestStreamReader.hpp">
      <Filter>Stream</Filter>
    </ClInclude>
    <ClInclude Include="Stream\TestStreamWriter.hpp">
      <Filter>Stream</Filter>
    </ClInclude>
    <ClInclude Include="Stream\TestCumulateStream.hpp">
      <Filter>Stream</Filter>
    </ClInclude>
    <ClInclude Include="Serializer\TestStringSerializer.hpp">
      <Filter>Serializer</Filter>
    </ClInclude>
    <ClInclude Include="Utility\TestLineBreak.hpp">
      <Filter>Utility</Filter>
    </ClInclude>
    <ClInclude Include="Stream\TestConsoleStream.hpp">
      <Filter>Stream</Filter>
    </ClInclude>
    <ClInclude Include="Container\Concurrent\TestLockFreeSCSPFixedSizeByteRingBuffer.hpp">
      <Filter>Container\Concurrent</Filter>
    </ClInclude>
    <ClInclude Include="Utility\TestVariant.hpp">
      <Filter>Utility</Filter>
    </ClInclude>
    <ClInclude Include="Meta\TestTypeList.hpp">
      <Filter>Meta</Filter>
    </ClInclude>
    <ClInclude Include="Meta\TestTrait.hpp">
      <Filter>Meta</Filter>
    </ClInclude>
    <ClInclude Include="Meta\TestConcept.hpp">
      <Filter>Meta</Filter>
    </ClInclude>
    <ClInclude Include="Utility\TestHeapObject.hpp">
      <Filter>Utility</Filter>
    </ClInclude>
    <ClInclude Include="Utility\TestTuple.hpp">
      <Filter>Utility</Filter>
    </ClInclude>
    <ClInclude Include="Utility\TestArrayLiteral.hpp">
      <Filter>Utility</Filter>
    </ClInclude>
    <ClInclude Include="Utility\TestTypeId.hpp">
      <Filter>Utility</Filter>
    </ClInclude>
    <ClInclude Include="Utility\TestDynamicCast.hpp">
      <Filter>Utility</Filter>
    </ClInclude>
  </ItemGroup>
  <ItemGroup>
    <Filter Include="Concurrent">
      <UniqueIdentifier>{382a9849-63a6-40dd-be07-87828fce320f}</UniqueIdentifier>
    </Filter>
    <Filter Include="Container">
      <UniqueIdentifier>{466c41a1-77dd-475a-81f9-1a83e3fd1a3f}</UniqueIdentifier>
    </Filter>
    <Filter Include="Container\Detail">
      <UniqueIdentifier>{b20cd391-672c-4813-8fc9-47e0d81b822f}</UniqueIdentifier>
    </Filter>
    <Filter Include="System">
      <UniqueIdentifier>{6d796654-61ef-4d03-beb9-1a77f330dc77}</UniqueIdentifier>
    </Filter>
    <Filter Include="Time">
      <UniqueIdentifier>{79ab9df9-658e-499c-86bf-737bdbbfaca8}</UniqueIdentifier>
    </Filter>
    <Filter Include="Utility">
      <UniqueIdentifier>{128f1343-fef5-4270-9a7b-2dc0f40df0c8}</UniqueIdentifier>
    </Filter>
    <Filter Include="Serializer">
      <UniqueIdentifier>{f391dd60-517d-4502-a64d-1f83dedb8c0f}</UniqueIdentifier>
    </Filter>
    <Filter Include="Stream">
      <UniqueIdentifier>{5ab3fbfc-6972-4da9-be3c-d842b18e8328}</UniqueIdentifier>
    </Filter>
    <Filter Include="Container\Concurrent">
      <UniqueIdentifier>{10c91346-2e3c-4987-8bd8-c39d952da690}</UniqueIdentifier>
    </Filter>
    <Filter Include="Meta">
      <UniqueIdentifier>{6ce4b05f-a3b9-47b0-ae01-9a2e7e4efbb0}</UniqueIdentifier>
    </Filter>
  </ItemGroup>
</Project>