<?xml version="1.0" encoding="utf-8"?>
<Project ToolsVersion="4.0" xmlns="http://schemas.microsoft.com/developer/msbuild/2003">
  <ItemGroup>
    <ClCompile Include="main.cpp" />
  </ItemGroup>
  <ItemGroup>
    <ClInclude Include="TestString.hpp" />
    <ClInclude Include="TestMemoryManager.hpp" />
    <ClInclude Include="TestFunction.hpp" />
    <ClInclude Include="TestMetaData.hpp" />
    <ClInclude Include="TestUtility.hpp" />
    <ClInclude Include="TestConcurrent.hpp" />
    <ClInclude Include="TestVector.hpp" />
    <ClInclude Include="TestContainerConcept.hpp" />
    <ClInclude Include="TestError.hpp" />
    <ClInclude Include="TestRange.hpp" />
    <ClInclude Include="TestMeta.hpp" />
    <ClInclude Include="TestTimeCounter.hpp" />
    <ClInclude Include="TestMap.hpp" />
    <ClInclude Include="TestHashMap.hpp" />
    <ClInclude Include="TestList.hpp" />
    <ClInclude Include="TestStack.hpp" />
    <ClInclude Include="TestQueue.hpp" />
    <ClInclude Include="TestPriorityQueue.hpp" />
    <ClInclude Include="TestDllLoader.hpp" />
  </ItemGroup>
</Project>