<?xml version="1.0" encoding="utf-8"?>
<Project ToolsVersion="4.0" xmlns="http://schemas.microsoft.com/developer/msbuild/2003">
  <ItemGroup>
    <Filter Include="Public">
      <UniqueIdentifier>{9c8e2d70-cd16-4429-bb01-a3e2bca5d600}</UniqueIdentifier>
    </Filter>
    <Filter Include="Private">
      <UniqueIdentifier>{2d20cee8-4c25-442f-b8b0-00506ac53079}</UniqueIdentifier>
    </Filter>
    <Filter Include="Public\VirtualMachine">
      <UniqueIdentifier>{c72da779-c6be-46e9-8a8d-7e825f09aab6}</UniqueIdentifier>
    </Filter>
    <Filter Include="Private\VirtualMachine">
      <UniqueIdentifier>{76c7224d-4a3f-4231-878c-080eee2298df}</UniqueIdentifier>
    </Filter>
    <Filter Include="Public\VirtualMachine\ExternalCallerModule">
      <UniqueIdentifier>{dad7392e-d0ba-4c22-b6cc-61ead6977f02}</UniqueIdentifier>
    </Filter>
    <Filter Include="Private\VirtualMachine\ExternalCallerModule">
      <UniqueIdentifier>{335f7f7a-29ab-4b0f-993e-3b53b982310a}</UniqueIdentifier>
    </Filter>
    <Filter Include="Public\IntermediateRepresentation">
      <UniqueIdentifier>{f229360a-838e-42db-9dfc-17332ab1e5e5}</UniqueIdentifier>
    </Filter>
    <Filter Include="Private\IntermediateRepresentation">
      <UniqueIdentifier>{83dfa725-a2d3-4d4e-9389-26c6240d6d61}</UniqueIdentifier>
    </Filter>
    <Filter Include="Public\Linker">
      <UniqueIdentifier>{be33796e-f8ea-4ef8-9256-e911bec95c26}</UniqueIdentifier>
    </Filter>
    <Filter Include="Private\Linker">
      <UniqueIdentifier>{4c9f26e8-c6f3-48fc-9c24-526f84caa8e4}</UniqueIdentifier>
    </Filter>
  </ItemGroup>
  <ItemGroup>
    <ClInclude Include="Private\DoxygenConfig.hpp">
      <Filter>Private</Filter>
    </ClInclude>
    <ClInclude Include="Public\SpaceLanguageAPI.h">
      <Filter>Public</Filter>
    </ClInclude>
    <ClInclude Include="Private\SpaceLanguageModule.h">
      <Filter>Private</Filter>
    </ClInclude>
    <ClInclude Include="Public\VirtualMachine\Instruction.h">
      <Filter>Public\VirtualMachine</Filter>
    </ClInclude>
    <ClInclude Include="Public\VirtualMachine\Register.h">
      <Filter>Public\VirtualMachine</Filter>
    </ClInclude>
    <ClInclude Include="Public\VirtualMachine\VirtualMachine.h">
      <Filter>Public\VirtualMachine</Filter>
    </ClInclude>
    <ClInclude Include="Public\VirtualMachine\ExternalCaller.h">
      <Filter>Public\VirtualMachine</Filter>
    </ClInclude>
    <ClInclude Include="Public\VirtualMachine\ExternalCallerModule\CoreModule.h">
      <Filter>Public\VirtualMachine\ExternalCallerModule</Filter>
    </ClInclude>
    <ClInclude Include="Public\VirtualMachine\Assembler.h">
      <Filter>Public\VirtualMachine</Filter>
    </ClInclude>
    <ClInclude Include="Public\Lexer.h">
      <Filter>Public</Filter>
    </ClInclude>
    <ClInclude Include="Private\Logger.h">
      <Filter>Private</Filter>
    </ClInclude>
    <ClInclude Include="Public\IntermediateRepresentation\Operation.h">
      <Filter>Public\IntermediateRepresentation</Filter>
    </ClInclude>
    <ClInclude Include="Public\IntermediateRepresentation\Translator.h">
      <Filter>Public\IntermediateRepresentation</Filter>
    </ClInclude>
    <ClInclude Include="Public\IntermediateRepresentation\RegisterAllocator.h">
      <Filter>Public\IntermediateRepresentation</Filter>
    </ClInclude>
    <ClInclude Include="Public\Linker\CompiledObject.h">
      <Filter>Public\Linker</Filter>
    </ClInclude>
    <ClInclude Include="Public\IntermediateRepresentation\Type.h">
      <Filter>Public\IntermediateRepresentation</Filter>
    </ClInclude>
    <ClInclude Include="Public\IntermediateRepresentation\Variable.h">
      <Filter>Public\IntermediateRepresentation</Filter>
    </ClInclude>
    <ClInclude Include="Public\IntermediateRepresentation\Function.h">
      <Filter>Public\IntermediateRepresentation</Filter>
    </ClInclude>
    <ClInclude Include="Public\IntermediateRepresentation\BasicBlock.h">
      <Filter>Public\IntermediateRepresentation</Filter>
    </ClInclude>
  </ItemGroup>
  <ItemGroup>
    <ClCompile Include="Private\SpaceLanguageModule.cpp">
      <Filter>Private</Filter>
    </ClCompile>
    <ClCompile Include="Private\VirtualMachine\VirtualMachine.cpp">
      <Filter>Private\VirtualMachine</Filter>
    </ClCompile>
    <ClCompile Include="Private\VirtualMachine\Register.cpp">
      <Filter>Private\VirtualMachine</Filter>
    </ClCompile>
    <ClCompile Include="Private\VirtualMachine\Instruction.cpp">
      <Filter>Private\VirtualMachine</Filter>
    </ClCompile>
    <ClCompile Include="Private\VirtualMachine\ExternalCaller.cpp">
      <Filter>Private\VirtualMachine</Filter>
    </ClCompile>
    <ClCompile Include="Private\VirtualMachine\ExternalCallerModule\CoreModule.cpp">
      <Filter>Private\VirtualMachine\ExternalCallerModule</Filter>
    </ClCompile>
    <ClCompile Include="Private\VirtualMachine\Assembler.cpp">
      <Filter>Private\VirtualMachine</Filter>
    </ClCompile>
    <ClCompile Include="Private\Lexer.cpp">
      <Filter>Private</Filter>
    </ClCompile>
    <ClCompile Include="Private\Logger.cpp">
      <Filter>Private</Filter>
    </ClCompile>
    <ClCompile Include="Private\IntermediateRepresentation\Operation.cpp">
      <Filter>Private\IntermediateRepresentation</Filter>
    </ClCompile>
    <ClCompile Include="Private\IntermediateRepresentation\Translator.cpp">
      <Filter>Private\IntermediateRepresentation</Filter>
    </ClCompile>
    <ClCompile Include="Private\IntermediateRepresentation\RegisterAllocator.cpp">
      <Filter>Private\IntermediateRepresentation</Filter>
    </ClCompile>
    <ClCompile Include="Private\Linker\CompiledObject.cpp">
      <Filter>Private\Linker</Filter>
    </ClCompile>
    <ClCompile Include="Private\IntermediateRepresentation\Type.cpp">
      <Filter>Private\IntermediateRepresentation</Filter>
    </ClCompile>
    <ClCompile Include="Private\IntermediateRepresentation\Variable.cpp">
      <Filter>Private\IntermediateRepresentation</Filter>
    </ClCompile>
    <ClCompile Include="Private\IntermediateRepresentation\Function.cpp">
      <Filter>Private\IntermediateRepresentation</Filter>
    </ClCompile>
    <ClCompile Include="Private\IntermediateRepresentation\BasicBlock.cpp">
      <Filter>Private\IntermediateRepresentation</Filter>
    </ClCompile>
  </ItemGroup>
</Project>